
Microsoft Visual Studio Solution File, Format Version 12.00
# Visual Studio Version 17
VisualStudioVersion = 17.8.34330.188
MinimumVisualStudioVersion = 10.0.40219.1
Project("{FAE04EC0-301F-11D3-BF4B-00C04F79EFBC}") = "WebOnLinuxDemoAPI", "WebOnLinuxDemoAPI\WebOnLinuxDemoAPI.csproj", "{28108DAF-51E8-4560-8815-F3CA3B411185}"
EndProject
Global
	GlobalSection(SolutionConfigurationPlatforms) = preSolution
		Debug|Any CPU = Debug|Any CPU
		Release|Any CPU = Release|Any CPU
	EndGlobalSection
	GlobalSection(ProjectConfigurationPlatforms) = postSolution
		{28108DAF-51E8-4560-8815-F3CA3B411185}.Debug|Any CPU.ActiveCfg = Debug|Any CPU
		{28108DAF-51E8-4560-8815-F3CA3B411185}.Debug|Any CPU.Build.0 = Debug|Any CPU
		{28108DAF-51E8-4560-8815-F3CA3B411185}.Release|Any CPU.ActiveCfg = Release|Any CPU
		{28108DAF-51E8-4560-8815-F3CA3B411185}.Release|Any CPU.Build.0 = Release|Any CPU
	EndGlobalSection
	GlobalSection(SolutionProperties) = preSolution
		HideSolutionNode = FALSE
	EndGlobalSection
	GlobalSection(ExtensibilityGlobals) = postSolution
		SolutionGuid = {A8AE7050-779F-457D-B661-7F8CBF622E5E}
	EndGlobalSection
EndGlobal
